
Microsoft Visual Studio Solution File, Format Version 12.00
# Visual Studio Version 17
VisualStudioVersion = 17.5.33627.172
MinimumVisualStudioVersion = 10.0.40219.1
Project("{8BC9CEB8-8B4A-11D0-8D11-00A0C91BC942}") = "ShovelFactory", "ShovelFactory\ShovelFactory.vcxproj", "{75701BD7-7BE6-4B6A-AB32-406E5C4C9B98}"
EndProject
Global
	GlobalSection(SolutionConfigurationPlatforms) = preSolution
		Debug|x64 = Debug|x64
		Debug|x86 = Debug|x86
		Release|x64 = Release|x64
		Release|x86 = Release|x86
	EndGlobalSection
	GlobalSection(ProjectConfigurationPlatforms) = postSolution
		{75701BD7-7BE6-4B6A-AB32-406E5C4C9B98}.Debug|x64.ActiveCfg = Debug|x64
		{75701BD7-7BE6-4B6A-AB32-406E5C4C9B98}.Debug|x64.Build.0 = Debug|x64
		{75701BD7-7BE6-4B6A-AB32-406E5C4C9B98}.Debug|x86.ActiveCfg = Debug|Win32
		{75701BD7-7BE6-4B6A-AB32-406E5C4C9B98}.Debug|x86.Build.0 = Debug|Win32
		{75701BD7-7BE6-4B6A-AB32-406E5C4C9B98}.Release|x64.ActiveCfg = Release|x64
		{75701BD7-7BE6-4B6A-AB32-406E5C4C9B98}.Release|x64.Build.0 = Release|x64
		{75701BD7-7BE6-4B6A-AB32-406E5C4C9B98}.Release|x86.ActiveCfg = Release|Win32
		{75701BD7-7BE6-4B6A-AB32-406E5C4C9B98}.Release|x86.Build.0 = Release|Win32
	EndGlobalSection
	GlobalSection(SolutionProperties) = preSolution
		HideSolutionNode = FALSE
	EndGlobalSection
	GlobalSection(ExtensibilityGlobals) = postSolution
		SolutionGuid = {752BC44B-A67D-406F-A9BD-8B2B2EAE2D4B}
	EndGlobalSection
EndGlobal
